
Microsoft Visual Studio Solution File, Format Version 12.00
# Visual Studio Version 17
VisualStudioVersion = 17.11.35327.3
MinimumVisualStudioVersion = 10.0.40219.1
Project("{9A19103F-16F7-4668-BE54-9A1E7A4F7556}") = "Todo.ServerApp", "Todo.ServerApp\Todo.ServerApp.csproj", "{33F4858D-FFC3-4E0C-9A8D-1C4DE908D603}"
EndProject
Global
	GlobalSection(SolutionConfigurationPlatforms) = preSolution
		Debug|Any CPU = Debug|Any CPU
		Release|Any CPU = Release|Any CPU
	EndGlobalSection
	GlobalSection(ProjectConfigurationPlatforms) = postSolution
		{33F4858D-FFC3-4E0C-9A8D-1C4DE908D603}.Debug|Any CPU.ActiveCfg = Debug|Any CPU
		{33F4858D-FFC3-4E0C-9A8D-1C4DE908D603}.Debug|Any CPU.Build.0 = Debug|Any CPU
		{33F4858D-FFC3-4E0C-9A8D-1C4DE908D603}.Release|Any CPU.ActiveCfg = Release|Any CPU
		{33F4858D-FFC3-4E0C-9A8D-1C4DE908D603}.Release|Any CPU.Build.0 = Release|Any CPU
	EndGlobalSection
	GlobalSection(SolutionProperties) = preSolution
		HideSolutionNode = FALSE
	EndGlobalSection
	GlobalSection(ExtensibilityGlobals) = postSolution
		SolutionGuid = {80E64AA6-16D2-4545-B08E-EEF7EB94F8E9}
	EndGlobalSection
EndGlobal
